// !$*UTF8*$!
{
	archiveVersion = 1;
	classes = {
	};
	objectVersion = 46;
	objects = {

/* Begin PBXBuildFile section */
		B66154251BE9952400FC9689 /* main.m in Sources */ = {isa = PBXBuildFile; fileRef = B66154241BE9952400FC9689 /* main.m */; };
		B66154281BE9952400FC9689 /* AppDelegate.m in Sources */ = {isa = PBXBuildFile; fileRef = B66154271BE9952400FC9689 /* AppDelegate.m */; };
		B661542B1BE9952400FC9689 /* ViewController.m in Sources */ = {isa = PBXBuildFile; fileRef = B661542A1BE9952400FC9689 /* ViewController.m */; };
		B661542E1BE9952400FC9689 /* Main.storyboard in Resources */ = {isa = PBXBuildFile; fileRef = B661542C1BE9952400FC9689 /* Main.storyboard */; };
		B66154301BE9952400FC9689 /* Assets.xcassets in Resources */ = {isa = PBXBuildFile; fileRef = B661542F1BE9952400FC9689 /* Assets.xcassets */; };
		B66154331BE9952400FC9689 /* LaunchScreen.storyboard in Resources */ = {isa = PBXBuildFile; fileRef = B66154311BE9952400FC9689 /* LaunchScreen.storyboard */; };
		B661543E1BE9952400FC9689 /* SelectCityDemoTests.m in Sources */ = {isa = PBXBuildFile; fileRef = B661543D1BE9952400FC9689 /* SelectCityDemoTests.m */; };
		B66154491BE9952400FC9689 /* SelectCityDemoUITests.m in Sources */ = {isa = PBXBuildFile; fileRef = B66154481BE9952400FC9689 /* SelectCityDemoUITests.m */; };
		B66154661BE9953100FC9689 /* cancelBtn@2x.png in Resources */ = {isa = PBXBuildFile; fileRef = B66154571BE9953100FC9689 /* cancelBtn@2x.png */; };
		B66154671BE9953100FC9689 /* citydict.plist in Resources */ = {isa = PBXBuildFile; fileRef = B66154581BE9953100FC9689 /* citydict.plist */; };
		B66154681BE9953100FC9689 /* CityViewController.m in Sources */ = {isa = PBXBuildFile; fileRef = B661545B1BE9953100FC9689 /* CityViewController.m */; };
		B66154691BE9953100FC9689 /* ResultCityController.m in Sources */ = {isa = PBXBuildFile; fileRef = B661545D1BE9953100FC9689 /* ResultCityController.m */; };
		B661546A1BE9953100FC9689 /* CityModel.m in Sources */ = {isa = PBXBuildFile; fileRef = B66154601BE9953100FC9689 /* CityModel.m */; };
		B661546B1BE9953100FC9689 /* CityTableViewCell.m in Sources */ = {isa = PBXBuildFile; fileRef = B66154631BE9953100FC9689 /* CityTableViewCell.m */; };
		B661546C1BE9953100FC9689 /* CustomTopView.m in Sources */ = {isa = PBXBuildFile; fileRef = B66154651BE9953100FC9689 /* CustomTopView.m */; };
		B66154721BE996A600FC9689 /* CustomSearchView.m in Sources */ = {isa = PBXBuildFile; fileRef = B66154711BE996A600FC9689 /* CustomSearchView.m */; };
/* End PBXBuildFile section */

/* Begin PBXContainerItemProxy section */
		B661543A1BE9952400FC9689 /* PBXContainerItemProxy */ = {
			isa = PBXContainerItemProxy;
			containerPortal = B66154181BE9952400FC9689 /* Project object */;
			proxyType = 1;
			remoteGlobalIDString = B661541F1BE9952400FC9689;
			remoteInfo = SelectCityDemo;
		};
		B66154451BE9952400FC9689 /* PBXContainerItemProxy */ = {
			isa = PBXContainerItemProxy;
			containerPortal = B66154181BE9952400FC9689 /* Project object */;
			proxyType = 1;
			remoteGlobalIDString = B661541F1BE9952400FC9689;
			remoteInfo = SelectCityDemo;
		};
/* End PBXContainerItemProxy section */

/* Begin PBXFileReference section */
		B66154201BE9952400FC9689 /* SelectCityDemo.app */ = {isa = PBXFileReference; explicitFileType = wrapper.application; includeInIndex = 0; path = SelectCityDemo.app; sourceTree = BUILT_PRODUCTS_DIR; };
		B66154241BE9952400FC9689 /* main.m */ = {isa = PBXFileReference; lastKnownFileType = sourcecode.c.objc; path = main.m; sourceTree = "<group>"; };
		B66154261BE9952400FC9689 /* AppDelegate.h */ = {isa = PBXFileReference; lastKnownFileType = sourcecode.c.h; path = AppDelegate.h; sourceTree = "<group>"; };
		B66154271BE9952400FC9689 /* AppDelegate.m */ = {isa = PBXFileReference; lastKnownFileType = sourcecode.c.objc; path = AppDelegate.m; sourceTree = "<group>"; };
		B66154291BE9952400FC9689 /* ViewController.h */ = {isa = PBXFileReference; lastKnownFileType = sourcecode.c.h; path = ViewController.h; sourceTree = "<group>"; };
		B661542A1BE9952400FC9689 /* ViewController.m */ = {isa = PBXFileReference; lastKnownFileType = sourcecode.c.objc; path = ViewController.m; sourceTree = "<group>"; };
		B661542D1BE9952400FC9689 /* Base */ = {isa = PBXFileReference; lastKnownFileType = file.storyboard; name = Base; path = Base.lproj/Main.storyboard; sourceTree = "<group>"; };
		B661542F1BE9952400FC9689 /* Assets.xcassets */ = {isa = PBXFileReference; lastKnownFileType = folder.assetcatalog; path = Assets.xcassets; sourceTree = "<group>"; };
		B66154321BE9952400FC9689 /* Base */ = {isa = PBXFileReference; lastKnownFileType = file.storyboard; name = Base; path = Base.lproj/LaunchScreen.storyboard; sourceTree = "<group>"; };
		B66154341BE9952400FC9689 /* Info.plist */ = {isa = PBXFileReference; lastKnownFileType = text.plist.xml; path = Info.plist; sourceTree = "<group>"; };
		B66154391BE9952400FC9689 /* SelectCityDemoTests.xctest */ = {isa = PBXFileReference; explicitFileType = wrapper.cfbundle; includeInIndex = 0; path = SelectCityDemoTests.xctest; sourceTree = BUILT_PRODUCTS_DIR; };
		B661543D1BE9952400FC9689 /* SelectCityDemoTests.m */ = {isa = PBXFileReference; lastKnownFileType = sourcecode.c.objc; path = SelectCityDemoTests.m; sourceTree = "<group>"; };
		B661543F1BE9952400FC9689 /* Info.plist */ = {isa = PBXFileReference; lastKnownFileType = text.plist.xml; path = Info.plist; sourceTree = "<group>"; };
		B66154441BE9952400FC9689 /* SelectCityDemoUITests.xctest */ = {isa = PBXFileReference; explicitFileType = wrapper.cfbundle; includeInIndex = 0; path = SelectCityDemoUITests.xctest; sourceTree = BUILT_PRODUCTS_DIR; };
		B66154481BE9952400FC9689 /* SelectCityDemoUITests.m */ = {isa = PBXFileReference; lastKnownFileType = sourcecode.c.objc; path = SelectCityDemoUITests.m; sourceTree = "<group>"; };
		B661544A1BE9952400FC9689 /* Info.plist */ = {isa = PBXFileReference; lastKnownFileType = text.plist.xml; path = Info.plist; sourceTree = "<group>"; };
		B66154571BE9953100FC9689 /* cancelBtn@2x.png */ = {isa = PBXFileReference; lastKnownFileType = image.png; name = "cancelBtn@2x.png"; path = "../cancelBtn@2x.png"; sourceTree = "<group>"; };
		B66154581BE9953100FC9689 /* citydict.plist */ = {isa = PBXFileReference; fileEncoding = 4; lastKnownFileType = text.plist.xml; name = citydict.plist; path = ../citydict.plist; sourceTree = "<group>"; };
		B661545A1BE9953100FC9689 /* CityViewController.h */ = {isa = PBXFileReference; fileEncoding = 4; lastKnownFileType = sourcecode.c.h; name = CityViewController.h; path = ../Controller/CityViewController.h; sourceTree = "<group>"; };
		B661545B1BE9953100FC9689 /* CityViewController.m */ = {isa = PBXFileReference; fileEncoding = 4; lastKnownFileType = sourcecode.c.objc; name = CityViewController.m; path = ../Controller/CityViewController.m; sourceTree = "<group>"; };
		B661545C1BE9953100FC9689 /* ResultCityController.h */ = {isa = PBXFileReference; fileEncoding = 4; lastKnownFileType = sourcecode.c.h; name = ResultCityController.h; path = ../Controller/ResultCityController.h; sourceTree = "<group>"; };
		B661545D1BE9953100FC9689 /* ResultCityController.m */ = {isa = PBXFileReference; fileEncoding = 4; lastKnownFileType = sourcecode.c.objc; name = ResultCityController.m; path = ../Controller/ResultCityController.m; sourceTree = "<group>"; };
		B661545F1BE9953100FC9689 /* CityModel.h */ = {isa = PBXFileReference; fileEncoding = 4; lastKnownFileType = sourcecode.c.h; name = CityModel.h; path = ../Model/CityModel.h; sourceTree = "<group>"; };
		B66154601BE9953100FC9689 /* CityModel.m */ = {isa = PBXFileReference; fileEncoding = 4; lastKnownFileType = sourcecode.c.objc; name = CityModel.m; path = ../Model/CityModel.m; sourceTree = "<group>"; };
		B66154621BE9953100FC9689 /* CityTableViewCell.h */ = {isa = PBXFileReference; fileEncoding = 4; lastKnownFileType = sourcecode.c.h; path = CityTableViewCell.h; sourceTree = "<group>"; };
		B66154631BE9953100FC9689 /* CityTableViewCell.m */ = {isa = PBXFileReference; fileEncoding = 4; lastKnownFileType = sourcecode.c.objc; path = CityTableViewCell.m; sourceTree = "<group>"; };
		B66154641BE9953100FC9689 /* CustomTopView.h */ = {isa = PBXFileReference; fileEncoding = 4; lastKnownFileType = sourcecode.c.h; path = CustomTopView.h; sourceTree = "<group>"; };
		B66154651BE9953100FC9689 /* CustomTopView.m */ = {isa = PBXFileReference; fileEncoding = 4; lastKnownFileType = sourcecode.c.objc; path = CustomTopView.m; sourceTree = "<group>"; };
		B66154701BE996A600FC9689 /* CustomSearchView.h */ = {isa = PBXFileReference; fileEncoding = 4; lastKnownFileType = sourcecode.c.h; path = CustomSearchView.h; sourceTree = "<group>"; };
		B66154711BE996A600FC9689 /* CustomSearchView.m */ = {isa = PBXFileReference; fileEncoding = 4; lastKnownFileType = sourcecode.c.objc; path = CustomSearchView.m; sourceTree = "<group>"; };
/* End PBXFileReference section */

/* Begin PBXFrameworksBuildPhase section */
		B661541D1BE9952400FC9689 /* Frameworks */ = {
			isa = PBXFrameworksBuildPhase;
			buildActionMask = 2147483647;
			files = (
			);
			runOnlyForDeploymentPostprocessing = 0;
		};
		B66154361BE9952400FC9689 /* Frameworks */ = {
			isa = PBXFrameworksBuildPhase;
			buildActionMask = 2147483647;
			files = (
			);
			runOnlyForDeploymentPostprocessing = 0;
		};
		B66154411BE9952400FC9689 /* Frameworks */ = {
			isa = PBXFrameworksBuildPhase;
			buildActionMask = 2147483647;
			files = (
			);
			runOnlyForDeploymentPostprocessing = 0;
		};
/* End PBXFrameworksBuildPhase section */

/* Begin PBXGroup section */
		B66154171BE9952400FC9689 = {
			isa = PBXGroup;
			children = (
				B66154221BE9952400FC9689 /* SelectCityDemo */,
				B661543C1BE9952400FC9689 /* SelectCityDemoTests */,
				B66154471BE9952400FC9689 /* SelectCityDemoUITests */,
				B66154211BE9952400FC9689 /* Products */,
			);
			sourceTree = "<group>";
		};
		B66154211BE9952400FC9689 /* Products */ = {
			isa = PBXGroup;
			children = (
				B66154201BE9952400FC9689 /* SelectCityDemo.app */,
				B66154391BE9952400FC9689 /* SelectCityDemoTests.xctest */,
				B66154441BE9952400FC9689 /* SelectCityDemoUITests.xctest */,
			);
			name = Products;
			sourceTree = "<group>";
		};
		B66154221BE9952400FC9689 /* SelectCityDemo */ = {
			isa = PBXGroup;
			children = (
				B66154261BE9952400FC9689 /* AppDelegate.h */,
				B66154271BE9952400FC9689 /* AppDelegate.m */,
				B66154291BE9952400FC9689 /* ViewController.h */,
				B661542A1BE9952400FC9689 /* ViewController.m */,
				B66154561BE9953100FC9689 /* selectCity */,
				B661542C1BE9952400FC9689 /* Main.storyboard */,
				B661542F1BE9952400FC9689 /* Assets.xcassets */,
				B66154311BE9952400FC9689 /* LaunchScreen.storyboard */,
				B66154341BE9952400FC9689 /* Info.plist */,
				B66154231BE9952400FC9689 /* Supporting Files */,
			);
			path = SelectCityDemo;
			sourceTree = "<group>";
		};
		B66154231BE9952400FC9689 /* Supporting Files */ = {
			isa = PBXGroup;
			children = (
				B66154241BE9952400FC9689 /* main.m */,
			);
			name = "Supporting Files";
			sourceTree = "<group>";
		};
		B661543C1BE9952400FC9689 /* SelectCityDemoTests */ = {
			isa = PBXGroup;
			children = (
				B661543D1BE9952400FC9689 /* SelectCityDemoTests.m */,
				B661543F1BE9952400FC9689 /* Info.plist */,
			);
			path = SelectCityDemoTests;
			sourceTree = "<group>";
		};
		B66154471BE9952400FC9689 /* SelectCityDemoUITests */ = {
			isa = PBXGroup;
			children = (
				B66154481BE9952400FC9689 /* SelectCityDemoUITests.m */,
				B661544A1BE9952400FC9689 /* Info.plist */,
			);
			path = SelectCityDemoUITests;
			sourceTree = "<group>";
		};
		B66154561BE9953100FC9689 /* selectCity */ = {
			isa = PBXGroup;
			children = (
				B66154591BE9953100FC9689 /* Controller */,
				B661545E1BE9953100FC9689 /* Model */,
				B66154611BE9953100FC9689 /* View */,
			);
			path = selectCity;
			sourceTree = "<group>";
		};
		B66154591BE9953100FC9689 /* Controller */ = {
			isa = PBXGroup;
			children = (
			);
			path = Controller;
			sourceTree = "<group>";
		};
		B661545E1BE9953100FC9689 /* Model */ = {
			isa = PBXGroup;
			children = (
			);
			path = Model;
			sourceTree = "<group>";
		};
		B66154611BE9953100FC9689 /* View */ = {
			isa = PBXGroup;
			children = (
				B66154571BE9953100FC9689 /* cancelBtn@2x.png */,
				B66154581BE9953100FC9689 /* citydict.plist */,
				B661545A1BE9953100FC9689 /* CityViewController.h */,
				B661545B1BE9953100FC9689 /* CityViewController.m */,
				B661545C1BE9953100FC9689 /* ResultCityController.h */,
				B661545D1BE9953100FC9689 /* ResultCityController.m */,
				B661545F1BE9953100FC9689 /* CityModel.h */,
				B66154601BE9953100FC9689 /* CityModel.m */,
				B66154701BE996A600FC9689 /* CustomSearchView.h */,
				B66154711BE996A600FC9689 /* CustomSearchView.m */,
				B66154621BE9953100FC9689 /* CityTableViewCell.h */,
				B66154631BE9953100FC9689 /* CityTableViewCell.m */,
				B66154641BE9953100FC9689 /* CustomTopView.h */,
				B66154651BE9953100FC9689 /* CustomTopView.m */,
			);
			path = View;
			sourceTree = "<group>";
		};
/* End PBXGroup section */

/* Begin PBXNativeTarget section */
		B661541F1BE9952400FC9689 /* SelectCityDemo */ = {
			isa = PBXNativeTarget;
			buildConfigurationList = B661544D1BE9952400FC9689 /* Build configuration list for PBXNativeTarget "SelectCityDemo" */;
			buildPhases = (
				B661541C1BE9952400FC9689 /* Sources */,
				B661541D1BE9952400FC9689 /* Frameworks */,
				B661541E1BE9952400FC9689 /* Resources */,
			);
			buildRules = (
			);
			dependencies = (
			);
			name = SelectCityDemo;
			productName = SelectCityDemo;
			productReference = B66154201BE9952400FC9689 /* SelectCityDemo.app */;
			productType = "com.apple.product-type.application";
		};
		B66154381BE9952400FC9689 /* SelectCityDemoTests */ = {
			isa = PBXNativeTarget;
			buildConfigurationList = B66154501BE9952400FC9689 /* Build configuration list for PBXNativeTarget "SelectCityDemoTests" */;
			buildPhases = (
				B66154351BE9952400FC9689 /* Sources */,
				B66154361BE9952400FC9689 /* Frameworks */,
				B66154371BE9952400FC9689 /* Resources */,
			);
			buildRules = (
			);
			dependencies = (
				B661543B1BE9952400FC9689 /* PBXTargetDependency */,
			);
			name = SelectCityDemoTests;
			productName = SelectCityDemoTests;
			productReference = B66154391BE9952400FC9689 /* SelectCityDemoTests.xctest */;
			productType = "com.apple.product-type.bundle.unit-test";
		};
		B66154431BE9952400FC9689 /* SelectCityDemoUITests */ = {
			isa = PBXNativeTarget;
			buildConfigurationList = B66154531BE9952400FC9689 /* Build configuration list for PBXNativeTarget "SelectCityDemoUITests" */;
			buildPhases = (
				B66154401BE9952400FC9689 /* Sources */,
				B66154411BE9952400FC9689 /* Frameworks */,
				B66154421BE9952400FC9689 /* Resources */,
			);
			buildRules = (
			);
			dependencies = (
				B66154461BE9952400FC9689 /* PBXTargetDependency */,
			);
			name = SelectCityDemoUITests;
			productName = SelectCityDemoUITests;
			productReference = B66154441BE9952400FC9689 /* SelectCityDemoUITests.xctest */;
			productType = "com.apple.product-type.bundle.ui-testing";
		};
/* End PBXNativeTarget section */

/* Begin PBXProject section */
		B66154181BE9952400FC9689 /* Project object */ = {
			isa = PBXProject;
			attributes = {
				LastUpgradeCheck = 0710;
				ORGANIZATIONNAME = WXDL;
				TargetAttributes = {
					B661541F1BE9952400FC9689 = {
						CreatedOnToolsVersion = 7.1;
						DevelopmentTeam = EA5FU5832Z;
					};
					B66154381BE9952400FC9689 = {
						CreatedOnToolsVersion = 7.1;
						TestTargetID = B661541F1BE9952400FC9689;
					};
					B66154431BE9952400FC9689 = {
						CreatedOnToolsVersion = 7.1;
						TestTargetID = B661541F1BE9952400FC9689;
					};
				};
			};
			buildConfigurationList = B661541B1BE9952400FC9689 /* Build configuration list for PBXProject "SelectCityDemo" */;
			compatibilityVersion = "Xcode 3.2";
			developmentRegion = English;
			hasScannedForEncodings = 0;
			knownRegions = (
				en,
				Base,
			);
			mainGroup = B66154171BE9952400FC9689;
			productRefGroup = B66154211BE9952400FC9689 /* Products */;
			projectDirPath = "";
			projectRoot = "";
			targets = (
				B661541F1BE9952400FC9689 /* SelectCityDemo */,
				B66154381BE9952400FC9689 /* SelectCityDemoTests */,
				B66154431BE9952400FC9689 /* SelectCityDemoUITests */,
			);
		};
/* End PBXProject section */

/* Begin PBXResourcesBuildPhase section */
		B661541E1BE9952400FC9689 /* Resources */ = {
			isa = PBXResourcesBuildPhase;
			buildActionMask = 2147483647;
			files = (
				B66154671BE9953100FC9689 /* citydict.plist in Resources */,
				B66154331BE9952400FC9689 /* LaunchScreen.storyboard in Resources */,
				B66154301BE9952400FC9689 /* Assets.xcassets in Resources */,
				B661542E1BE9952400FC9689 /* Main.storyboard in Resources */,
				B66154661BE9953100FC9689 /* cancelBtn@2x.png in Resources */,
			);
			runOnlyForDeploymentPostprocessing = 0;
		};
		B66154371BE9952400FC9689 /* Resources */ = {
			isa = PBXResourcesBuildPhase;
			buildActionMask = 2147483647;
			files = (
			);
			runOnlyForDeploymentPostprocessing = 0;
		};
		B66154421BE9952400FC9689 /* Resources */ = {
			isa = PBXResourcesBuildPhase;
			buildActionMask = 2147483647;
			files = (
			);
			runOnlyForDeploymentPostprocessing = 0;
		};
/* End PBXResourcesBuildPhase section */

/* Begin PBXSourcesBuildPhase section */
		B661541C1BE9952400FC9689 /* Sources */ = {
			isa = PBXSourcesBuildPhase;
			buildActionMask = 2147483647;
			files = (
				B661546B1BE9953100FC9689 /* CityTableViewCell.m in Sources */,
				B66154691BE9953100FC9689 /* ResultCityController.m in Sources */,
				B661542B1BE9952400FC9689 /* ViewController.m in Sources */,
				B661546C1BE9953100FC9689 /* CustomTopView.m in Sources */,
				B66154281BE9952400FC9689 /* AppDelegate.m in Sources */,
				B66154721BE996A600FC9689 /* CustomSearchView.m in Sources */,
				B66154251BE9952400FC9689 /* main.m in Sources */,
				B661546A1BE9953100FC9689 /* CityModel.m in Sources */,
				B66154681BE9953100FC9689 /* CityViewController.m in Sources */,
			);
			runOnlyForDeploymentPostprocessing = 0;
		};
		B66154351BE9952400FC9689 /* Sources */ = {
			isa = PBXSourcesBuildPhase;
			buildActionMask = 2147483647;
			files = (
				B661543E1BE9952400FC9689 /* SelectCityDemoTests.m in Sources */,
			);
			runOnlyForDeploymentPostprocessing = 0;
		};
		B66154401BE9952400FC9689 /* Sources */ = {
			isa = PBXSourcesBuildPhase;
			buildActionMask = 2147483647;
			files = (
				B66154491BE9952400FC9689 /* SelectCityDemoUITests.m in Sources */,
			);
			runOnlyForDeploymentPostprocessing = 0;
		};
/* End PBXSourcesBuildPhase section */

/* Begin PBXTargetDependency section */
		B661543B1BE9952400FC9689 /* PBXTargetDependency */ = {
			isa = PBXTargetDependency;
			target = B661541F1BE9952400FC9689 /* SelectCityDemo */;
			targetProxy = B661543A1BE9952400FC9689 /* PBXContainerItemProxy */;
		};
		B66154461BE9952400FC9689 /* PBXTargetDependency */ = {
			isa = PBXTargetDependency;
			target = B661541F1BE9952400FC9689 /* SelectCityDemo */;
			targetProxy = B66154451BE9952400FC9689 /* PBXContainerItemProxy */;
		};
/* End PBXTargetDependency section */

/* Begin PBXVariantGroup section */
		B661542C1BE9952400FC9689 /* Main.storyboard */ = {
			isa = PBXVariantGroup;
			children = (
				B661542D1BE9952400FC9689 /* Base */,
			);
			name = Main.storyboard;
			sourceTree = "<group>";
		};
		B66154311BE9952400FC9689 /* LaunchScreen.storyboard */ = {
			isa = PBXVariantGroup;
			children = (
				B66154321BE9952400FC9689 /* Base */,
			);
			name = LaunchScreen.storyboard;
			sourceTree = "<group>";
		};
/* End PBXVariantGroup section */

/* Begin XCBuildConfiguration section */
		B661544B1BE9952400FC9689 /* Debug */ = {
			isa = XCBuildConfiguration;
			buildSettings = {
				ALWAYS_SEARCH_USER_PATHS = NO;
				CLANG_CXX_LANGUAGE_STANDARD = "gnu++0x";
				CLANG_CXX_LIBRARY = "libc++";
				CLANG_ENABLE_MODULES = YES;
				CLANG_ENABLE_OBJC_ARC = YES;
				CLANG_WARN_BOOL_CONVERSION = YES;
				CLANG_WARN_CONSTANT_CONVERSION = YES;
				CLANG_WARN_DIRECT_OBJC_ISA_USAGE = YES_ERROR;
				CLANG_WARN_EMPTY_BODY = YES;
				CLANG_WARN_ENUM_CONVERSION = YES;
				CLANG_WARN_INT_CONVERSION = YES;
				CLANG_WARN_OBJC_ROOT_CLASS = YES_ERROR;
				CLANG_WARN_UNREACHABLE_CODE = YES;
				CLANG_WARN__DUPLICATE_METHOD_MATCH = YES;
				"CODE_SIGN_IDENTITY[sdk=iphoneos*]" = "iPhone Developer";
				COPY_PHASE_STRIP = NO;
				DEBUG_INFORMATION_FORMAT = dwarf;
				ENABLE_STRICT_OBJC_MSGSEND = YES;
				ENABLE_TESTABILITY = YES;
				GCC_C_LANGUAGE_STANDARD = gnu99;
				GCC_DYNAMIC_NO_PIC = NO;
				GCC_NO_COMMON_BLOCKS = YES;
				GCC_OPTIMIZATION_LEVEL = 0;
				GCC_PREPROCESSOR_DEFINITIONS = (
					"DEBUG=1",
					"$(inherited)",
				);
				GCC_WARN_64_TO_32_BIT_CONVERSION = YES;
				GCC_WARN_ABOUT_RETURN_TYPE = YES_ERROR;
				GCC_WARN_UNDECLARED_SELECTOR = YES;
				GCC_WARN_UNINITIALIZED_AUTOS = YES_AGGRESSIVE;
				GCC_WARN_UNUSED_FUNCTION = YES;
				GCC_WARN_UNUSED_VARIABLE = YES;
				IPHONEOS_DEPLOYMENT_TARGET = 9.1;
				MTL_ENABLE_DEBUG_INFO = YES;
				ONLY_ACTIVE_ARCH = YES;
				SDKROOT = iphoneos;
			};
			name = Debug;
		};
		B661544C1BE9952400FC9689 /* Release */ = {
			isa = XCBuildConfiguration;
			buildSettings = {
				ALWAYS_SEARCH_USER_PATHS = NO;
				CLANG_CXX_LANGUAGE_STANDARD = "gnu++0x";
				CLANG_CXX_LIBRARY = "libc++";
				CLANG_ENABLE_MODULES = YES;
				CLANG_ENABLE_OBJC_ARC = YES;
				CLANG_WARN_BOOL_CONVERSION = YES;
				CLANG_WARN_CONSTANT_CONVERSION = YES;
				CLANG_WARN_DIRECT_OBJC_ISA_USAGE = YES_ERROR;
				CLANG_WARN_EMPTY_BODY = YES;
				CLANG_WARN_ENUM_CONVERSION = YES;
				CLANG_WARN_INT_CONVERSION = YES;
				CLANG_WARN_OBJC_ROOT_CLASS = YES_ERROR;
				CLANG_WARN_UNREACHABLE_CODE = YES;
				CLANG_WARN__DUPLICATE_METHOD_MATCH = YES;
				"CODE_SIGN_IDENTITY[sdk=iphoneos*]" = "iPhone Developer";
				COPY_PHASE_STRIP = NO;
				DEBUG_INFORMATION_FORMAT = "dwarf-with-dsym";
				ENABLE_NS_ASSERTIONS = NO;
				ENABLE_STRICT_OBJC_MSGSEND = YES;
				GCC_C_LANGUAGE_STANDARD = gnu99;
				GCC_NO_COMMON_BLOCKS = YES;
				GCC_WARN_64_TO_32_BIT_CONVERSION = YES;
				GCC_WARN_ABOUT_RETURN_TYPE = YES_ERROR;
				GCC_WARN_UNDECLARED_SELECTOR = YES;
				GCC_WARN_UNINITIALIZED_AUTOS = YES_AGGRESSIVE;
				GCC_WARN_UNUSED_FUNCTION = YES;
				GCC_WARN_UNUSED_VARIABLE = YES;
				IPHONEOS_DEPLOYMENT_TARGET = 9.1;
				MTL_ENABLE_DEBUG_INFO = NO;
				SDKROOT = iphoneos;
				VALIDATE_PRODUCT = YES;
			};
			name = Release;
		};
		B661544E1BE9952400FC9689 /* Debug */ = {
			isa = XCBuildConfiguration;
			buildSettings = {
				ASSETCATALOG_COMPILER_APPICON_NAME = AppIcon;
				CODE_SIGN_IDENTITY = "iPhone Developer";
				"CODE_SIGN_IDENTITY[sdk=iphoneos*]" = "iPhone Developer";
				INFOPLIST_FILE = SelectCityDemo/Info.plist;
				LD_RUNPATH_SEARCH_PATHS = "$(inherited) @executable_path/Frameworks";
				PRODUCT_BUNDLE_IDENTIFIER = com.WXDL.SelectCityDemo;
				PRODUCT_NAME = "$(TARGET_NAME)";
				PROVISIONING_PROFILE = "";
				TARGETED_DEVICE_FAMILY = "1,2";
			};
			name = Debug;
		};
		B661544F1BE9952400FC9689 /* Release */ = {
			isa = XCBuildConfiguration;
			buildSettings = {
				ASSETCATALOG_COMPILER_APPICON_NAME = AppIcon;
				CODE_SIGN_IDENTITY = "iPhone Developer";
				"CODE_SIGN_IDENTITY[sdk=iphoneos*]" = "iPhone Developer";
				INFOPLIST_FILE = SelectCityDemo/Info.plist;
				LD_RUNPATH_SEARCH_PATHS = "$(inherited) @executable_path/Frameworks";
				PRODUCT_BUNDLE_IDENTIFIER = com.WXDL.SelectCityDemo;
				PRODUCT_NAME = "$(TARGET_NAME)";
				PROVISIONING_PROFILE = "";
				TARGETED_DEVICE_FAMILY = "1,2";
			};
			name = Release;
		};
		B66154511BE9952400FC9689 /* Debug */ = {
			isa = XCBuildConfiguration;
			buildSettings = {
				BUNDLE_LOADER = "$(TEST_HOST)";
				INFOPLIST_FILE = SelectCityDemoTests/Info.plist;
				LD_RUNPATH_SEARCH_PATHS = "$(inherited) @executable_path/Frameworks @loader_path/Frameworks";
				PRODUCT_BUNDLE_IDENTIFIER = com.WXDL.SelectCityDemoTests;
				PRODUCT_NAME = "$(TARGET_NAME)";
				TEST_HOST = "$(BUILT_PRODUCTS_DIR)/SelectCityDemo.app/SelectCityDemo";
			};
			name = Debug;
		};
		B66154521BE9952400FC9689 /* Release */ = {
			isa = XCBuildConfiguration;
			buildSettings = {
				BUNDLE_LOADER = "$(TEST_HOST)";
				INFOPLIST_FILE = SelectCityDemoTests/Info.plist;
				LD_RUNPATH_SEARCH_PATHS = "$(inherited) @executable_path/Frameworks @loader_path/Frameworks";
				PRODUCT_BUNDLE_IDENTIFIER = com.WXDL.SelectCityDemoTests;
				PRODUCT_NAME = "$(TARGET_NAME)";
				TEST_HOST = "$(BUILT_PRODUCTS_DIR)/SelectCityDemo.app/SelectCityDemo";
			};
			name = Release;
		};
		B66154541BE9952400FC9689 /* Debug */ = {
			isa = XCBuildConfiguration;
			buildSettings = {
				INFOPLIST_FILE = SelectCityDemoUITests/Info.plist;
				LD_RUNPATH_SEARCH_PATHS = "$(inherited) @executable_path/Frameworks @loader_path/Frameworks";
				PRODUCT_BUNDLE_IDENTIFIER = com.WXDL.SelectCityDemoUITests;
				PRODUCT_NAME = "$(TARGET_NAME)";
				TEST_TARGET_NAME = SelectCityDemo;
				USES_XCTRUNNER = YES;
			};
			name = Debug;
		};
		B66154551BE9952400FC9689 /* Release */ = {
			isa = XCBuildConfiguration;
			buildSettings = {
				INFOPLIST_FILE = SelectCityDemoUITests/Info.plist;
				LD_RUNPATH_SEARCH_PATHS = "$(inherited) @executable_path/Frameworks @loader_path/Frameworks";
				PRODUCT_BUNDLE_IDENTIFIER = com.WXDL.SelectCityDemoUITests;
				PRODUCT_NAME = "$(TARGET_NAME)";
				TEST_TARGET_NAME = SelectCityDemo;
				USES_XCTRUNNER = YES;
			};
			name = Release;
		};
/* End XCBuildConfiguration section */

/* Begin XCConfigurationList section */
		B661541B1BE9952400FC9689 /* Build configuration list for PBXProject "SelectCityDemo" */ = {
			isa = XCConfigurationList;
			buildConfigurations = (
				B661544B1BE9952400FC9689 /* Debug */,
				B661544C1BE9952400FC9689 /* Release */,
			);
			defaultConfigurationIsVisible = 0;
			defaultConfigurationName = Release;
		};
		B661544D1BE9952400FC9689 /* Build configuration list for PBXNativeTarget "SelectCityDemo" */ = {
			isa = XCConfigurationList;
			buildConfigurations = (
				B661544E1BE9952400FC9689 /* Debug */,
				B661544F1BE9952400FC9689 /* Release */,
			);
			defaultConfigurationIsVisible = 0;
			defaultConfigurationName = Release;
		};
		B66154501BE9952400FC9689 /* Build configuration list for PBXNativeTarget "SelectCityDemoTests" */ = {
			isa = XCConfigurationList;
			buildConfigurations = (
				B66154511BE9952400FC9689 /* Debug */,
				B66154521BE9952400FC9689 /* Release */,
			);
			defaultConfigurationIsVisible = 0;
			defaultConfigurationName = Release;
		};
		B66154531BE9952400FC9689 /* Build configuration list for PBXNativeTarget "SelectCityDemoUITests" */ = {
			isa = XCConfigurationList;
			buildConfigurations = (
				B66154541BE9952400FC9689 /* Debug */,
				B66154551BE9952400FC9689 /* Release */,
			);
			defaultConfigurationIsVisible = 0;
			defaultConfigurationName = Release;
		};
/* End XCConfigurationList section */
	};
	rootObject = B66154181BE9952400FC9689 /* Project object */;
}
